<Project xmlns="http://schemas.microsoft.com/developer/msbuild/2003">
    <PropertyGroup>
        <ProjectGuid>{B83BB859-3D15-446C-856E-FD9414016B09}</ProjectGuid>
        <MainSource>SGI.dpr</MainSource>
        <Base>True</Base>
        <Config Condition="'$(Config)'==''">Debug</Config>
        <TargetedPlatforms>1</TargetedPlatforms>
        <AppType>Application</AppType>
        <FrameworkType>VCL</FrameworkType>
        <ProjectVersion>18.8</ProjectVersion>
        <Platform Condition="'$(Platform)'==''">Win32</Platform>
    </PropertyGroup>
    <PropertyGroup Condition="'$(Config)'=='Base' or '$(Base)'!=''">
        <Base>true</Base>
    </PropertyGroup>
    <PropertyGroup Condition="('$(Platform)'=='Win32' and '$(Base)'=='true') or '$(Base_Win32)'!=''">
        <Base_Win32>true</Base_Win32>
        <CfgParent>Base</CfgParent>
        <Base>true</Base>
    </PropertyGroup>
    <PropertyGroup Condition="('$(Platform)'=='Win64' and '$(Base)'=='true') or '$(Base_Win64)'!=''">
        <Base_Win64>true</Base_Win64>
        <CfgParent>Base</CfgParent>
        <Base>true</Base>
    </PropertyGroup>
    <PropertyGroup Condition="'$(Config)'=='Release' or '$(Cfg_1)'!=''">
        <Cfg_1>true</Cfg_1>
        <CfgParent>Base</CfgParent>
        <Base>true</Base>
    </PropertyGroup>
    <PropertyGroup Condition="('$(Platform)'=='Win32' and '$(Cfg_1)'=='true') or '$(Cfg_1_Win32)'!=''">
        <Cfg_1_Win32>true</Cfg_1_Win32>
        <CfgParent>Cfg_1</CfgParent>
        <Cfg_1>true</Cfg_1>
        <Base>true</Base>
    </PropertyGroup>
    <PropertyGroup Condition="'$(Config)'=='Debug' or '$(Cfg_2)'!=''">
        <Cfg_2>true</Cfg_2>
        <CfgParent>Base</CfgParent>
        <Base>true</Base>
    </PropertyGroup>
    <PropertyGroup Condition="('$(Platform)'=='Win32' and '$(Cfg_2)'=='true') or '$(Cfg_2_Win32)'!=''">
        <Cfg_2_Win32>true</Cfg_2_Win32>
        <CfgParent>Cfg_2</CfgParent>
        <Cfg_2>true</Cfg_2>
        <Base>true</Base>
    </PropertyGroup>
    <PropertyGroup Condition="'$(Base)'!=''">
        <Icon_MainIcon>SGI_Icon2.ico</Icon_MainIcon>
        <Manifest_File>$(BDS)\bin\default_app.manifest</Manifest_File>
        <VerInfo_Keys>CompanyName=;FileDescription=;FileVersion=1.0.0.0;InternalName=;LegalCopyright=;LegalTrademarks=;OriginalFilename=;ProductName=;ProductVersion=1.0.0.0;Comments=;CFBundleName=</VerInfo_Keys>
        <VerInfo_Locale>1046</VerInfo_Locale>
        <DCC_Namespace>Vcl;Vcl.Imaging;Vcl.Touch;Vcl.Samples;Vcl.Shell;System;Xml;Data;Datasnap;Web;Soap;Winapi;IBX;System.Win;$(DCC_Namespace)</DCC_Namespace>
        <DCC_F>false</DCC_F>
        <DCC_K>false</DCC_K>
        <DCC_N>true</DCC_N>
        <DCC_DcuOutput>..\_dcu\</DCC_DcuOutput>
        <DCC_S>false</DCC_S>
        <DCC_DebugInformation>1</DCC_DebugInformation>
        <DCC_ExeOutput>..\Bin\</DCC_ExeOutput>
        <DCC_SymbolReferenceInfo>1</DCC_SymbolReferenceInfo>
        <DCC_E>false</DCC_E>
        <DCC_UsePackage>vcl;rtl;dbrtl;inet;inetdb;dsnap;bdertl;vclx;vcldb;vcldbx;visualclx;visualdbclx;vclactnband;vclshlctrls;vclie;xmlrtl;inetdbbde;inetdbxpress;webdsnap;soaprtl;websnap;adortl;dbexpress;dsnapcon;dbxcds;ibxpress;teeui;teedb;tee;dss;indy;VclSmp;dclOfficeXP;qrpt;teeqr;Rave50CLX;Rave50VCL;IntrawebDB_50_70;Intraweb_50_70;VclNewlyext;AbkStdD7;AbkLibD7;AbkDBStdD7;frx7;frxADO7;frxBDE7;frxcs7;frxDB7;frxDBX7;frxe7;frxIBX7;frxTee7;fs7;fsADO7;fsBDE7;fsDB7;fsIBX7;fsTee7;SqlDir70;$(DCC_UsePackage)</DCC_UsePackage>
        <DCC_Define>ACBR;$(DCC_Define)</DCC_Define>
        <DCC_ImageBase>00400000</DCC_ImageBase>
        <SanitizedProjectName>SGI</SanitizedProjectName>
    </PropertyGroup>
    <PropertyGroup Condition="'$(Base_Win32)'!=''">
        <VerInfo_Release>33</VerInfo_Release>
        <DCC_DebugDCUs>true</DCC_DebugDCUs>
        <DCC_Namespace>Data.Win;Datasnap.Win;Web.Win;Soap.Win;Xml.Win;Bde;$(DCC_Namespace)</DCC_Namespace>
        <VerInfo_IncludeVerInfo>true</VerInfo_IncludeVerInfo>
        <VerInfo_Keys>CompanyName=Ágil Soluções em Softwares, ME;FileDescription=Sistema Integrado de Gestão Empresarial/Industrial;FileVersion=1.0.33.3;InternalName=SGI;LegalCopyright=Copyright 2013 - 2023 © Ágil Soluções em Softwares - ME
Todos os direitos reservados.;LegalTrademarks=;OriginalFilename=SGI.EXE;ProductName=SGI - Sistema de Gestão Empresarial/Industrial;ProductVersion=1.0.33;Comments=;Systems Analyst=Isaque Marinho Ribeiro;ReleaseDate=24/08/2023;Contacts=(91) 9 9146.0444;Owner=Isaque Marinho Ribeiro;SplashName=;SplashDescription=;ProgramID=com.embarcadero.$(MSBuildProjectName)</VerInfo_Keys>
        <VerInfo_Locale>1033</VerInfo_Locale>
        <UWP_DelphiLogo44>..\_diversos\Imagens\_Matriz\icon_gestao_industrial-v2-44x44.png</UWP_DelphiLogo44>
        <UWP_DelphiLogo150>..\_diversos\Imagens\_Matriz\icon_gestao_industrial-v2-150x150.png</UWP_DelphiLogo150>
        <Icon_MainIcon>SGI_Icon.ico</Icon_MainIcon>
        <DCC_Define>SGI;$(DCC_Define)</DCC_Define>
        <VerInfo_Build>3</VerInfo_Build>
    </PropertyGroup>
    <PropertyGroup Condition="'$(Base_Win64)'!=''">
        <Icon_MainIcon>SGI_Icon2.ico</Icon_MainIcon>
        <UWP_DelphiLogo44>$(BDS)\bin\Artwork\Windows\UWP\delphi_UwpDefault_44.png</UWP_DelphiLogo44>
        <UWP_DelphiLogo150>$(BDS)\bin\Artwork\Windows\UWP\delphi_UwpDefault_150.png</UWP_DelphiLogo150>
    </PropertyGroup>
    <PropertyGroup Condition="'$(Cfg_1)'!=''">
        <Icon_MainIcon>SGI_Icon2.ico</Icon_MainIcon>
        <DCC_LocalDebugSymbols>false</DCC_LocalDebugSymbols>
        <DCC_DebugInformation>0</DCC_DebugInformation>
        <DCC_SymbolReferenceInfo>0</DCC_SymbolReferenceInfo>
        <DCC_Define>RELEASE;$(DCC_Define)</DCC_Define>
    </PropertyGroup>
    <PropertyGroup Condition="'$(Cfg_1_Win32)'!=''">
        <DCC_LocalDebugSymbols>true</DCC_LocalDebugSymbols>
        <VerInfo_Release>33</VerInfo_Release>
        <VerInfo_Locale>1033</VerInfo_Locale>
        <VerInfo_Keys>CompanyName=Ágil Soluções em Softwares, ME;FileDescription=Sistema Integrado de Gestão Empresarial/Industrial;FileVersion=1.0.33.3;InternalName=SGI;LegalCopyright=Copyright 2013 - 2023 © Ágil Soluções em Softwares - ME
Todos os direitos reservados.;LegalTrademarks=;OriginalFilename=SGI.EXE;ProductName=SGI - Sistema de Gestão Empresarial/Industrial;ProductVersion=1.0.33;Comments=;Systems Analyst=Isaque Marinho Ribeiro;ReleaseDate=24/08/2023;Contacts=(91) 9 9146.0444;Owner=Isaque Marinho Ribeiro;SplashName=;SplashDescription=;ProgramID=com.embarcadero.$(MSBuildProjectName)</VerInfo_Keys>
        <VerInfo_IncludeVerInfo>true</VerInfo_IncludeVerInfo>
        <Icon_MainIcon>SGI_Icon.ico</Icon_MainIcon>
        <BT_BuildType>Debug</BT_BuildType>
        <VerInfo_Build>3</VerInfo_Build>
    </PropertyGroup>
    <PropertyGroup Condition="'$(Cfg_2)'!=''">
        <DCC_Define>DEBUG;$(DCC_Define)</DCC_Define>
        <DCC_Optimize>false</DCC_Optimize>
        <DCC_GenerateStackFrames>true</DCC_GenerateStackFrames>
    </PropertyGroup>
    <PropertyGroup Condition="'$(Cfg_2_Win32)'!=''">
        <VerInfo_Release>33</VerInfo_Release>
        <VerInfo_Locale>1033</VerInfo_Locale>
        <VerInfo_IncludeVerInfo>true</VerInfo_IncludeVerInfo>
        <VerInfo_Keys>CompanyName=Ágil Soluções em Softwares, ME;FileDescription=Sistema Integrado de Gestão Empresarial/Industrial;FileVersion=1.0.33.3;InternalName=SGI;LegalCopyright=Copyright 2013 - 2023 © Ágil Soluções em Softwares - ME
Todos os direitos reservados.;LegalTrademarks=;OriginalFilename=SGI.EXE;ProductName=SGI - Sistema de Gestão Empresarial/Industrial;ProductVersion=1.0.33;Comments=;Systems Analyst=Isaque Marinho Ribeiro;ReleaseDate=24/08/2023;Contacts=(91) 9 9146.0444;Owner=Isaque Marinho Ribeiro;SplashName=;SplashDescription=;ProgramID=com.embarcadero.$(MSBuildProjectName)</VerInfo_Keys>
        <BT_BuildType>Debug</BT_BuildType>
        <Icon_MainIcon>SGI_Icon.ico</Icon_MainIcon>
        <VerInfo_Build>3</VerInfo_Build>
    </PropertyGroup>
    <ItemGroup>
        <DelphiCompile Include="$(MainSource)">
            <MainSource>MainSource</MainSource>
        </DelphiCompile>
        <DCCReference Include="..\Sys\lib\HPL_Strings.pas"/>
        <DCCReference Include="..\Sys\Model\Interacao\Interacao.Conexao.pas"/>
        <DCCReference Include="..\Sys\Model\Interacao\Interacao.Empresa.pas"/>
        <DCCReference Include="..\Sys\Model\Interacao\Interacao.Factory.pas"/>
        <DCCReference Include="..\Sys\Model\Interacao\Interacao.Funcao.pas"/>
        <DCCReference Include="..\Sys\Model\Interacao\Interacao.Licenca.pas"/>
        <DCCReference Include="..\Sys\Model\Interacao\Interacao.PersonalizaEmpresa.pas"/>
        <DCCReference Include="..\Sys\Model\Interacao\Interacao.Pessoa.pas"/>
        <DCCReference Include="..\Sys\Model\Interacao\Interacao.Tabela.pas"/>
        <DCCReference Include="..\Sys\Model\Interacao\Interacao.Usuario.pas"/>
        <DCCReference Include="..\Sys\Model\Interacao\Interacao.Versao.pas"/>
        <DCCReference Include="..\Sys\Services\InputQuery\Interfaces.InputQuery.pas"/>
        <DCCReference Include="..\Sys\Classe\Classe.Conexao.pas"/>
        <DCCReference Include="..\Sys\Classe\Classe.Empresa.pas"/>
        <DCCReference Include="..\Sys\Classe\Classe.Funcao.pas"/>
        <DCCReference Include="..\Sys\Classe\Classe.Licenca.pas"/>
        <DCCReference Include="..\Sys\Classe\Classe.Pessoa.pas"/>
        <DCCReference Include="..\Sys\Classe\Classe.PessoaFisica.pas"/>
        <DCCReference Include="..\Sys\Classe\Classe.PessoaJuridica.pas"/>
        <DCCReference Include="..\Sys\Classe\Classe.Usuario.pas"/>
        <DCCReference Include="..\Sys\Controller\Controller.Empresa.pas"/>
        <DCCReference Include="..\Sys\Controller\Controller.Factory.pas"/>
        <DCCReference Include="..\Sys\Controller\Controller.PersonalizaEmpresa.pas"/>
        <DCCReference Include="..\Sys\Controller\Controller.Tabela.pas"/>
        <DCCReference Include="..\Sys\Controller\Controller.Usuario.pas"/>
        <DCCReference Include="..\Sys\Controller\Controller.Versao.pas"/>
        <DCCReference Include="..\Sys\Controller\Controller.Licenca.pas"/>
        <DCCReference Include="..\Sys\Model\Model.Constantes.pas"/>
        <DCCReference Include="..\Sys\Model\Conexao\Model.Conexao.Factory.Interfaces.pas"/>
        <DCCReference Include="..\Sys\Model\Conexao\Model.Conexao.Factory.pas"/>
        <DCCReference Include="..\Sys\Model\Conexao\Model.Conexao.Firedac.Firebird.pas"/>
        <DCCReference Include="..\Sys\Model\Conexao\Model.Conexao.Firedac.pas"/>
        <DCCReference Include="..\Sys\Model\Conexao\Model.Conexao.Interfaces.pas"/>
        <DCCReference Include="..\Sys\Model\Conexao\Model.Query.Firedac.pas"/>
        <DCCReference Include="..\Sys\Model\Conexao\Model.Query.Interfaces.pas"/>
        <DCCReference Include="..\Sys\Model\Interacao\SGE.Model.Interacao.DataSet.pas"/>
        <DCCReference Include="..\Sys\lib\UEcfAgil.pas"/>
        <DCCReference Include="..\Sys\lib\UEcfGenerico.pas"/>
        <DCCReference Include="..\Sys\lib\UEcfFactory.pas"/>
        <DCCReference Include="..\Sys\UDMRecursos.pas">
            <Form>DMRecursos</Form>
            <DesignClass>TDataModule</DesignClass>
        </DCCReference>
        <DCCReference Include="..\Sys\UDMBusiness.pas">
            <Form>DMBusiness</Form>
            <DesignClass>TDataModule</DesignClass>
        </DCCReference>
        <DCCReference Include="..\Sys\UDMNFe.pas">
            <Form>DMNFe</Form>
            <DesignClass>TDataModule</DesignClass>
        </DCCReference>
        <DCCReference Include="..\Sys\UDMNFSe.pas">
            <Form>DMNFSe</Form>
            <DesignClass>TDataModule</DesignClass>
        </DCCReference>
        <DCCReference Include="..\Sys\Model\SGE.Model.Dados.pas">
            <Form>DMDados</Form>
            <DesignClass>TDataModule</DesignClass>
        </DCCReference>
        <DCCReference Include="..\Sys\Model\Conexao\SGE.Model.Conexao.DataSet.pas">
            <Form>ModelConexaoDataSet</Form>
            <DesignClass>TDataModule</DesignClass>
        </DCCReference>
        <DCCReference Include="..\Sys\Services\Service.InputQuery.pas"/>
        <DCCReference Include="..\Sys\Services\InputQuery\View.InputQuery.pas">
            <Form>ViewInputQuery</Form>
        </DCCReference>
        <DCCReference Include="..\Sys\View\View.PadraoAbertura.pas">
            <Form>FrmPadraoAbertura</Form>
        </DCCReference>
        <DCCReference Include="..\Sys\View\View.AutoUpgrade.pas">
            <Form>FrmAutoUpgrade</Form>
        </DCCReference>
        <DCCReference Include="..\Sys\View\View.PadraoLogin.pas">
            <Form>FrmPadraoLogin</Form>
        </DCCReference>
        <DCCReference Include="View\View.Abertura.pas">
            <Form>FrmAbertura</Form>
        </DCCReference>
        <DCCReference Include="View\View.Login.pas">
            <Form>FrmLogin</Form>
        </DCCReference>
        <DCCReference Include="..\Sys\View\View.Esmaecer.pas">
            <Form>ViewEsmaecer</Form>
        </DCCReference>
        <DCCReference Include="UPrinc.pas">
            <Form>frmPrinc</Form>
        </DCCReference>
        <DCCReference Include="..\Sys\lib\UGrPadraoCadastro.pas">
            <Form>frmGrPadraoCadastro</Form>
        </DCCReference>
        <DCCReference Include="..\Sys\lib\UGrPadrao.pas">
            <Form>frmGrPadrao</Form>
        </DCCReference>
        <DCCReference Include="..\Sys\UGeVenda.pas">
            <Form>frmGeVenda</Form>
        </DCCReference>
        <DCCReference Include="..\Sys\lib\UGrPadraoCadastroSimples.pas">
            <Form>frmGrPadraoCadastroSimples</Form>
        </DCCReference>
        <DCCReference Include="..\Sys\UGeEfetuarPagtoREC.pas">
            <Form>frmGeEfetuarPagtoREC</Form>
        </DCCReference>
        <DCCReference Include="..\Sys\UGeEfetuarPagtoPAG.pas">
            <Form>frmGeEfetuarPagtoPAG</Form>
        </DCCReference>
        <DCCReference Include="..\Sys\UGeVendaGerarNFe.pas">
            <Form>frmGeVendaGerarNFe</Form>
        </DCCReference>
        <DCCReference Include="..\Sys\UGeConfigurarNFeACBr.pas">
            <Form>frmGeConfigurarNFeACBr</Form>
        </DCCReference>
        <DCCReference Include="..\Sys\UEnviarLoteNFe.pas">
            <Form>frmEnviarLoteNFe</Form>
        </DCCReference>
        <DCCReference Include="..\Sys\UGeVendaCancelar.pas">
            <Form>frmGeVendaCancelar</Form>
        </DCCReference>
        <DCCReference Include="..\Sys\lib\UGrCampoRequisitado.pas">
            <Form>frmCampoRequisitado</Form>
        </DCCReference>
        <DCCReference Include="..\Sys\UGeGerarBoletos.pas">
            <Form>frmGeGerarBoleto</Form>
        </DCCReference>
        <DCCReference Include="..\Sys\UGeRemessaBoletos.pas">
            <Form>frmGeRemessaBoleto</Form>
        </DCCReference>
        <DCCReference Include="..\Sys\UGeRetornoBoletos.pas">
            <Form>frmGeRetornoBoleto</Form>
        </DCCReference>
        <DCCReference Include="..\Sys\UGeCaixa.pas">
            <Form>frmGeCaixa</Form>
        </DCCReference>
        <DCCReference Include="..\Sys\UGeFluxoCaixa.pas">
            <Form>frmGeFluxoCaixa</Form>
        </DCCReference>
        <DCCReference Include="..\Sys\lib\UFuncoes.pas"/>
        <DCCReference Include="..\Sys\lib\UInfoVersao.pas"/>
        <DCCReference Include="..\Sys\lib\UPersonalizaEmpresa.pas"/>
        <DCCReference Include="..\Sys\lib\FormFactoryU.pas"/>
        <DCCReference Include="..\Sys\lib\FuncoesFormulario.pas"/>
        <DCCReference Include="..\Sys\UConstantesDGE.pas"/>
        <DCCReference Include="..\Sys\UGeVendaFormaPagto.pas">
            <Form>frmGeVendaFormaPagto</Form>
        </DCCReference>
        <DCCReference Include="..\Sys\UGeExportarNFeGerada.pas">
            <Form>frmGeExportarNFeGerada</Form>
        </DCCReference>
        <DCCReference Include="..\Sys\UGeVendaTransporte.pas">
            <Form>frmGeVendaTransporte</Form>
        </DCCReference>
        <DCCReference Include="..\Sys\View\View.Usuario.AlterarSenha.pas">
            <Form>ViewUsuarioAlterarSenha</Form>
        </DCCReference>
        <DCCReference Include="..\Sys\UGeVendaConfirmaTitulos.pas">
            <Form>frmGeVendaConfirmaTitulos</Form>
        </DCCReference>
        <DCCReference Include="..\Sys\lib\UGrPadraoPesquisa.pas">
            <Form>frmGrPadraoPesquisa</Form>
        </DCCReference>
        <DCCReference Include="..\Sys\UGeVendaItemPesquisa.pas">
            <Form>FrmGeVendaItemPesquisa</Form>
        </DCCReference>
        <DCCReference Include="..\Sys\UGeProdutoRotatividadePRC.pas">
            <Form>FrmGeProdutoRotatividadePRC</Form>
        </DCCReference>
        <DCCReference Include="..\Sys\UGeInutilizarNumeroNFe.pas">
            <Form>frmGeInutilizarNumeroNFe</Form>
        </DCCReference>
        <DCCReference Include="..\System_SGE\UGeProdutoEstoqueMinimo.pas">
            <Form>FrmGeProdutoEstoqueMinimo</Form>
        </DCCReference>
        <DCCReference Include="..\System_SGE\UGeConsultarLoteNFe_v2.pas">
            <Form>frmGeConsultarLoteNFe_v2</Form>
        </DCCReference>
        <DCCReference Include="..\Sys\lib\UGrConsultarCNJP.pas">
            <Form>frmGrConsultarCNJP</Form>
        </DCCReference>
        <DCCReference Include="..\Sys\lib\UObserverInterface.pas"/>
        <DCCReference Include="..\Sys\lib\UBaseObject.pas"/>
        <DCCReference Include="..\Sys\lib\UCliente.pas"/>
        <DCCReference Include="..\System_SGE\lib\UGrPadraoImpressao.pas">
            <Form>frmGrPadraoImpressao</Form>
        </DCCReference>
        <DCCReference Include="..\System_SGE\UGeClienteImpressao.pas">
            <Form>frmGeClienteImpressao</Form>
        </DCCReference>
        <DCCReference Include="..\System_SGE\UGeEstoqueAjusteManual.pas">
            <Form>frmGeEstoqueAjusteManual</Form>
        </DCCReference>
        <DCCReference Include="..\System_SGE\UGeRequisicaoCliente.pas">
            <Form>frmGeRequisicaoCliente</Form>
        </DCCReference>
        <DCCReference Include="..\System_SGE\UGeVendaImpressao.pas">
            <Form>frmGeVendaImpressao</Form>
        </DCCReference>
        <DCCReference Include="..\Sys\View\View.WaitAMoment.pas">
            <Form>ViewWaitAMoment</Form>
        </DCCReference>
        <DCCReference Include="..\Sys\UGeExportarChaveNFeGerada.pas">
            <Form>frmGeExportarChaveNFeGerada</Form>
        </DCCReference>
        <DCCReference Include="..\Sys\UGeExportarNFC.pas">
            <Form>frmGeExportarNFC</Form>
        </DCCReference>
        <DCCReference Include="..\System_SGE\UGeContasAReceberImpressao.pas">
            <Form>frmGeContasAReceberImpressao</Form>
        </DCCReference>
        <DCCReference Include="..\Sys\lib\UGrConfigurarAmbiente.pas">
            <Form>frmGrConfigurarAmbiente</Form>
        </DCCReference>
        <DCCReference Include="..\System_SGE\UGeContasAPagarImpressao.pas">
            <Form>frmGeContasAPagarImpressao</Form>
        </DCCReference>
        <DCCReference Include="..\System_SGE\UGeEntradaImpressao.pas">
            <Form>frmGeEntradaImpressao</Form>
        </DCCReference>
        <DCCReference Include="..\System_SGE\UGrUsuarioPerfil.pas">
            <Form>frmGrUsuarioPerfil</Form>
        </DCCReference>
        <DCCReference Include="..\System_SGE\UGrUsuarioCopiarPerfil.pas">
            <Form>frmGrUsuarioCopiarPerfil</Form>
        </DCCReference>
        <DCCReference Include="..\System_SGE\UGeCotacaoCompra.pas">
            <Form>frmGeCotacaoCompra</Form>
        </DCCReference>
        <DCCReference Include="..\System_SGE\UGeCotacaoCompraCancelar.pas">
            <Form>frmGeCotacaoCompraCancelar</Form>
        </DCCReference>
        <DCCReference Include="..\System_SGE\UGeCotacaoCompraFornecedor.pas">
            <Form>frmGeCotacaoCompraFornecedor</Form>
        </DCCReference>
        <DCCReference Include="..\Sys\lib\UEcfWindowsPrinter.pas"/>
        <DCCReference Include="..\System_SGE\UGeFornecedorImpressao.pas">
            <Form>frmGeFornecedorImpressao</Form>
        </DCCReference>
        <DCCReference Include="..\Sys\lib\UGrRegistroEstacao.pas">
            <Form>FrmGrRegistroEstacao</Form>
        </DCCReference>
        <DCCReference Include="..\System_SGE\UGeRequisicaoCompraPesquisa.pas">
            <Form>frmGeRequisicaoCompraPesquisa</Form>
        </DCCReference>
        <DCCReference Include="..\Sys\UGeCartaCorrecao.pas">
            <Form>frmGeCartaCorrecao</Form>
        </DCCReference>
        <DCCReference Include="..\System_SGE\UGeProdutoImpressao.pas">
            <Form>frmGeProdutoImpressao</Form>
        </DCCReference>
        <DCCReference Include="..\Sys\UGeProdutoKardex.pas">
            <Form>frmGeProdutoKardex</Form>
        </DCCReference>
        <DCCReference Include="UGeApropriacaoEstoque.pas">
            <Form>frmGeApropriacaoEstoque</Form>
        </DCCReference>
        <DCCReference Include="UGeApropriacaoEstoqueCancelar.pas">
            <Form>frmGeApropriacaoEstoqueCancelar</Form>
        </DCCReference>
        <DCCReference Include="View\Query\View.Query.ApropriacaoEstoque.pas">
            <Form>ViewQueryApropriacaoEstoque</Form>
        </DCCReference>
        <DCCReference Include="View\View.RequisicaoAlmox.Monitor.pas">
            <Form>ViewRequisicaoAlmoxMonitor</Form>
        </DCCReference>
        <DCCReference Include="UGeInventario.pas">
            <Form>frmGeInventario</Form>
        </DCCReference>
        <DCCReference Include="..\Sys\View\View.Memo.pas">
            <Form>ViewMemo</Form>
        </DCCReference>
        <DCCReference Include="..\System_SGE\UGeProdutoEstoqueImpressao.pas">
            <Form>frmGeProdutoEstoqueImpressao</Form>
        </DCCReference>
        <DCCReference Include="UGeSolicitacaoCompra.pas">
            <Form>frmGeSolicitacaoCompra</Form>
        </DCCReference>
        <DCCReference Include="UGeSolicitacaoCompraCancelar.pas">
            <Form>frmGeSolicitacaoCompraCancelar</Form>
        </DCCReference>
        <DCCReference Include="UGeApropriacaoEstoqueImpressao.pas">
            <Form>frmGeApropriacaoEstoqueImpressao</Form>
        </DCCReference>
        <DCCReference Include="UGeRequisicaoAlmoxImpressao.pas">
            <Form>frmGeRequisicaoAlmoxImpressao</Form>
        </DCCReference>
        <DCCReference Include="..\Sys\UGeVendaDevolucaoNF.pas">
            <Form>frmGeVendaDevolucaoNF</Form>
        </DCCReference>
        <DCCReference Include="..\Sys\lib\UGrConfigurarBackup.pas">
            <Form>frmGrConfigurarBackup</Form>
        </DCCReference>
        <DCCReference Include="..\Sys\UGeFuncionario.pas">
            <Form>frmGeFuncionario</Form>
        </DCCReference>
        <DCCReference Include="..\System_SGE\UGeContasAReceberQuitar.pas">
            <Form>frmGeContasAReceberQuitar</Form>
        </DCCReference>
        <DCCReference Include="..\System_SGE\UGeAutorizacaoCompraImpressao.pas">
            <Form>frmGeAutorizacaoCompraImpressao</Form>
        </DCCReference>
        <DCCReference Include="..\Sys\UGeFluxoCaixaImpressao.pas">
            <Form>frmGeFluxoCaixaImpressao</Form>
        </DCCReference>
        <DCCReference Include="..\Sys\UGeFornecedorClientePesquisa.pas">
            <Form>frmGeFornecedorClientePesquisa</Form>
        </DCCReference>
        <DCCReference Include="..\Sys\UGeResultadoExercicioImpressao.pas">
            <Form>frmGeResultadoExercicioImpressao</Form>
        </DCCReference>
        <DCCReference Include="..\Sys\UGeOS.pas">
            <Form>frmGeOS</Form>
        </DCCReference>
        <DCCReference Include="..\Sys\UGeEquipamento.pas">
            <Form>frmGeEquipamento</Form>
        </DCCReference>
        <DCCReference Include="..\Sys\UGeOSCancelar.pas">
            <Form>frmGeOSCancelar</Form>
        </DCCReference>
        <DCCReference Include="..\Sys\UGeOSConfirmaTitulos.pas">
            <Form>frmGeOSConfirmaTitulos</Form>
        </DCCReference>
        <DCCReference Include="..\Sys\UGeOSFormaPagto.pas">
            <Form>frmGeOSFormaPagto</Form>
        </DCCReference>
        <DCCReference Include="..\System_SGE\UGeContasAPagarAReceberImpressao.pas">
            <Form>frmGeContasAPagarAReceberImpressao</Form>
        </DCCReference>
        <DCCReference Include="..\Sys\Services\Service.Message.pas"/>
        <DCCReference Include="..\Sys\Services\Service.Utils.pas"/>
        <DCCReference Include="..\Sys\Services\Service.Encript.pas"/>
        <DCCReference Include="..\Sys\Classe\Classe.DistribuicaoDFe.DocumentoRetornado.pas"/>
        <DCCReference Include="..\Sys\Model\Entidade\Model.Entidade.ConfiguracaoAPI.pas"/>
        <DCCReference Include="..\Sys\Model\Entidade\Model.Entidade.ConfiguracaoINI.pas"/>
        <DCCReference Include="..\Sys\Model\SGE.Model.Factory.pas"/>
        <DCCReference Include="..\Sys\Model\Connection\Component\SGE.Model.Connection.Component.SQL.pas"/>
        <DCCReference Include="..\Sys\Model\Connection\SGE.Model.Connection.Factory.pas"/>
        <DCCReference Include="..\Sys\Model\Connection\SGE.Model.Connection.FireDAC.pas"/>
        <DCCReference Include="..\Sys\Model\Connection\SGE.Model.Connection.Interfaces.pas"/>
        <DCCReference Include="..\Sys\Model\DAO\SGE.Model.DAO.Interfaces.pas"/>
        <DCCReference Include="..\Sys\Model\DAO\SGE.Model.DAO.Factory.pas"/>
        <DCCReference Include="..\Sys\Model\DAO\SGE.Model.DAO.pas"/>
        <DCCReference Include="..\System_SGE\Model\DAO\SGE.Model.DAO.AutorizacaoCompra.pas"/>
        <DCCReference Include="..\Sys\Model\DAO\SGE.Model.DAO.Bairro.pas"/>
        <DCCReference Include="..\Sys\Model\DAO\SGE.Model.DAO.Banco.pas"/>
        <DCCReference Include="..\Sys\Model\DAO\SGE.Model.DAO.Busca.pas"/>
        <DCCReference Include="..\Sys\Model\DAO\SGE.Model.DAO.Caixa.pas"/>
        <DCCReference Include="..\Sys\Model\DAO\SGE.Model.DAO.CentroCusto.pas"/>
        <DCCReference Include="..\Sys\Model\DAO\SGE.Model.DAO.CFOP.pas"/>
        <DCCReference Include="..\Sys\Model\DAO\SGE.Model.DAO.Cheque.pas"/>
        <DCCReference Include="..\Sys\Model\DAO\SGE.Model.DAO.Cidade.pas"/>
        <DCCReference Include="..\Sys\Model\DAO\SGE.Model.DAO.Cliente.pas"/>
        <DCCReference Include="..\Sys\Model\DAO\SGE.Model.DAO.CondicaoPagto.pas"/>
        <DCCReference Include="..\Sys\Model\DAO\SGE.Model.DAO.Config.pas"/>
        <DCCReference Include="..\Sys\Model\DAO\SGE.Model.DAO.ContaCorrente.pas"/>
        <DCCReference Include="..\Sys\Model\DAO\SGE.Model.DAO.CST.pas"/>
        <DCCReference Include="..\Sys\Model\DAO\SGE.Model.DAO.Distrito.pas"/>
        <DCCReference Include="..\Sys\Model\DAO\SGE.Model.DAO.Empresa.pas"/>
        <DCCReference Include="..\Sys\Model\DAO\SGE.Model.DAO.Entrada.pas"/>
        <DCCReference Include="..\Sys\Model\DAO\SGE.Model.DAO.Estado.pas"/>
        <DCCReference Include="..\Sys\Model\DAO\SGE.Model.DAO.FormaPagto.pas"/>
        <DCCReference Include="..\Sys\Model\DAO\SGE.Model.DAO.Fornecedor.pas"/>
        <DCCReference Include="..\Sys\Model\DAO\SGE.Model.DAO.Helper.pas"/>
        <DCCReference Include="..\Sys\Model\DAO\SGE.Model.DAO.IBPT.pas"/>
        <DCCReference Include="..\Sys\Model\DAO\SGE.Model.DAO.Licenca.pas"/>
        <DCCReference Include="..\Sys\Model\DAO\SGE.Model.DAO.Logradouro.pas"/>
        <DCCReference Include="..\Sys\Model\DAO\SGE.Model.DAO.LogTransacao.pas"/>
        <DCCReference Include="..\Sys\Model\DAO\SGE.Model.DAO.PlanoConta.pas"/>
        <DCCReference Include="..\Sys\Model\DAO\SGE.Model.DAO.Produto.pas"/>
        <DCCReference Include="..\System_SGE\Model\DAO\SGE.Model.DAO.Promocao.pas"/>
        <DCCReference Include="..\System_SGE\Model\DAO\SGE.Model.DAO.RequisicaoCompra.pas"/>
        <DCCReference Include="..\Sys\Model\DAO\SGE.Model.DAO.Tabelas.pas"/>
        <DCCReference Include="..\Sys\Model\DAO\SGE.Model.DAO.TipoDespesa.pas"/>
        <DCCReference Include="..\Sys\Model\DAO\SGE.Model.DAO.TipoLogradouro.pas"/>
        <DCCReference Include="..\Sys\Model\DAO\SGE.Model.DAO.TipoReceita.pas"/>
        <DCCReference Include="..\Sys\Model\DAO\SGE.Model.DAO.UF.pas"/>
        <DCCReference Include="..\Sys\Model\DAO\SGE.Model.DAO.Vendedor.pas"/>
        <DCCReference Include="..\System_SGE\Model\DAO\SGE.Model.DAO.XML_NFeEnviada.pas"/>
        <DCCReference Include="..\System_SGE\Model\DAO\SGE.Model.DAO.XML_NFeImportada.pas"/>
        <DCCReference Include="..\Sys\Model\DAO\Query\SGE.Model.DAO.Query.Interfaces.pas"/>
        <DCCReference Include="..\Sys\Model\DAO\Query\SGE.Model.DAO.Query.Factory.pas"/>
        <DCCReference Include="..\Sys\Model\DAO\Query\SGE.Model.DAO.Query.Cliente.pas"/>
        <DCCReference Include="..\Sys\Model\DAO\Query\SGE.Model.DAO.Query.FornecedorCliente.pas"/>
        <DCCReference Include="..\Sys\Controller\SGE.Controller.Factory.pas"/>
        <DCCReference Include="..\Sys\Controller\SGE.Controller.Interfaces.pas"/>
        <DCCReference Include="..\Sys\Controller\SGE.Controller.pas"/>
        <DCCReference Include="..\System_SGE\Controller\SGE.Controller.AutorizacaoCompra.pas"/>
        <DCCReference Include="..\Sys\Controller\SGE.Controller.Bairro.pas"/>
        <DCCReference Include="..\Sys\Controller\SGE.Controller.Banco.pas"/>
        <DCCReference Include="..\Sys\Controller\SGE.Controller.Caixa.pas"/>
        <DCCReference Include="..\Sys\Controller\SGE.Controller.CentroCusto.pas"/>
        <DCCReference Include="..\Sys\Controller\SGE.Controller.CFOP.pas"/>
        <DCCReference Include="..\Sys\Controller\SGE.Controller.Cheque.pas"/>
        <DCCReference Include="..\Sys\Controller\SGE.Controller.Cidade.pas"/>
        <DCCReference Include="..\Sys\Controller\SGE.Controller.Cliente.pas"/>
        <DCCReference Include="..\Sys\Controller\SGE.Controller.CondicaoPagto.pas"/>
        <DCCReference Include="..\Sys\Controller\SGE.Controller.Conexao.pas"/>
        <DCCReference Include="..\Sys\Controller\SGE.Controller.Config.pas"/>
        <DCCReference Include="..\Sys\Controller\SGE.Controller.ContaCorrente.pas"/>
        <DCCReference Include="..\Sys\Controller\SGE.Controller.CST.pas"/>
        <DCCReference Include="..\Sys\Controller\SGE.Controller.Distrito.pas"/>
        <DCCReference Include="..\Sys\Controller\SGE.Controller.Empresa.pas"/>
        <DCCReference Include="..\Sys\Controller\SGE.Controller.Entrada.pas"/>
        <DCCReference Include="..\Sys\Controller\SGE.Controller.Estado.pas"/>
        <DCCReference Include="..\Sys\Controller\SGE.Controller.FormaPagto.pas"/>
        <DCCReference Include="..\Sys\Controller\SGE.Controller.Fornecedor.pas"/>
        <DCCReference Include="..\Sys\Controller\SGE.Controller.Helper.pas"/>
        <DCCReference Include="..\Sys\Controller\SGE.Controller.IBPT.pas"/>
        <DCCReference Include="..\Sys\Controller\SGE.Controller.Logradouro.pas"/>
        <DCCReference Include="..\Sys\Controller\SGE.Controller.LogTransacao.pas"/>
        <DCCReference Include="..\Sys\Controller\SGE.Controller.PlanoConta.pas"/>
        <DCCReference Include="..\Sys\Controller\SGE.Controller.Produto.pas"/>
        <DCCReference Include="..\System_SGE\Controller\SGE.Controller.Promocao.pas"/>
        <DCCReference Include="..\System_SGE\Controller\SGE.Controller.RequisicaoCompra.pas"/>
        <DCCReference Include="..\Sys\Controller\SGE.Controller.Tabelas.pas"/>
        <DCCReference Include="..\Sys\Controller\SGE.Controller.TipoDespesa.pas"/>
        <DCCReference Include="..\Sys\Controller\SGE.Controller.TipoLogradouro.pas"/>
        <DCCReference Include="..\Sys\Controller\SGE.Controller.TipoReceita.pas"/>
        <DCCReference Include="..\Sys\Controller\SGE.Controller.UF.pas"/>
        <DCCReference Include="..\Sys\Controller\SGE.Controller.Vendedor.pas"/>
        <DCCReference Include="..\System_SGE\Controller\SGE.Controller.XML_NFeEnviada.pas"/>
        <DCCReference Include="..\System_SGE\Controller\SGE.Controller.XML_NFeImportada.pas"/>
        <DCCReference Include="..\Sys\Controller\Query\SGE.Controller.Query.pas"/>
        <DCCReference Include="..\Sys\Controller\Query\SGE.Controller.Query.Interfaces.pas"/>
        <DCCReference Include="..\Sys\Controller\Query\SGE.Controller.Query.Factory.pas"/>
        <DCCReference Include="..\Sys\Controller\Query\SGE.Controller.Query.FornecedorCliente.pas"/>
        <DCCReference Include="..\Sys\Controller\Impressao\DataModule\SGE.Controller.Impressao.DataModule.ContaAPagar.pas">
            <Form>DataModuleContaAPagar</Form>
            <DesignClass>TDataModule</DesignClass>
        </DCCReference>
        <DCCReference Include="..\Sys\Controller\Impressao\DataModule\SGE.Controller.Impressao.DataModule.Cheque.pas">
            <Form>DataModuleCheque</Form>
            <DesignClass>TDataModule</DesignClass>
        </DCCReference>
        <DCCReference Include="..\Sys\Controller\Impressao\SGE.Controller.Impressao.Cheque.pas"/>
        <DCCReference Include="..\Sys\Controller\Impressao\SGE.Controller.Impressao.ContaAPagar.pas"/>
        <DCCReference Include="..\Sys\View\View.Certificado.pas">
            <Form>ViewCertificado</Form>
        </DCCReference>
        <DCCReference Include="..\Sys\View\View.Mensagem.pas">
            <Form>FrmMensagem</Form>
        </DCCReference>
        <DCCReference Include="..\Sys\View\View.UnidadeProduto.pas"/>
        <DCCReference Include="..\Sys\View\View.PadraoCadastro.pas">
            <Form>ViewPadraoCadastro</Form>
        </DCCReference>
        <DCCReference Include="..\Sys\View\View.CFOP.pas">
            <Form>ViewCFOP</Form>
        </DCCReference>
        <DCCReference Include="..\Sys\View\View.FabricanteProduto.pas">
            <Form>ViewFabricanteProduto</Form>
        </DCCReference>
        <DCCReference Include="..\Sys\View\View.GrupoProduto.pas">
            <Form>ViewGrupoProduto</Form>
        </DCCReference>
        <DCCReference Include="..\Sys\View\View.IBPT.Importar.pas">
            <Form>ViewIBPTImportar</Form>
        </DCCReference>
        <DCCReference Include="..\Sys\View\View.IBPT.pas">
            <Form>ViewIBPT</Form>
        </DCCReference>
        <DCCReference Include="..\Sys\View\View.SecaoProduto.pas">
            <Form>ViewSecaoProduto</Form>
        </DCCReference>
        <DCCReference Include="..\Sys\View\View.Produto.pas">
            <Form>ViewProduto</Form>
        </DCCReference>
        <DCCReference Include="..\Sys\View\View.Cliente.pas">
            <Form>ViewCliente</Form>
        </DCCReference>
        <DCCReference Include="..\Sys\View\View.Bairro.pas">
            <Form>ViewBairro</Form>
        </DCCReference>
        <DCCReference Include="..\Sys\View\View.Cidade.pas">
            <Form>ViewCidade</Form>
        </DCCReference>
        <DCCReference Include="..\Sys\View\View.Distrito.pas">
            <Form>ViewDistrito</Form>
        </DCCReference>
        <DCCReference Include="..\Sys\View\View.Estado.pas">
            <Form>ViewEstado</Form>
        </DCCReference>
        <DCCReference Include="..\Sys\View\View.Logradouro.pas">
            <Form>ViewLogradouro</Form>
        </DCCReference>
        <DCCReference Include="..\Sys\View\View.Fornecedor.pas">
            <Form>ViewFornecedor</Form>
        </DCCReference>
        <DCCReference Include="..\Sys\View\View.CentroCusto.pas">
            <Form>ViewCentroCusto</Form>
        </DCCReference>
        <DCCReference Include="..\System_SGE\View\View.AutorizacaoCompra.pas">
            <Form>ViewAutorizacaoCompra</Form>
        </DCCReference>
        <DCCReference Include="..\System_SGE\View\View.AutorizacaoCompra.Cancelar.pas">
            <Form>ViewAutorizacaoCompraCancelar</Form>
        </DCCReference>
        <DCCReference Include="..\System_SGE\View\View.RequisicaoCompra.pas">
            <Form>ViewRequisicaoCompra</Form>
        </DCCReference>
        <DCCReference Include="..\System_SGE\View\View.RequisicaoCompra.Cancelar.pas">
            <Form>ViewRequisicaoCompraCancelar</Form>
        </DCCReference>
        <DCCReference Include="..\Sys\View\View.CondicaoPagto.pas">
            <Form>ViewCondicaoPagto</Form>
        </DCCReference>
        <DCCReference Include="..\Sys\View\View.ContaCorrente.pas">
            <Form>ViewContaCorrente</Form>
        </DCCReference>
        <DCCReference Include="..\Sys\View\View.FormaPagto.pas">
            <Form>ViewFormaPagto</Form>
        </DCCReference>
        <DCCReference Include="..\Sys\View\View.Banco.pas">
            <Form>ViewBanco</Form>
        </DCCReference>
        <DCCReference Include="..\Sys\View\View.TipoLogradouro.pas">
            <Form>ViewTipoLogradouro</Form>
        </DCCReference>
        <DCCReference Include="..\Sys\View\View.Empresa.pas">
            <Form>ViewEmpresa</Form>
        </DCCReference>
        <DCCReference Include="..\Sys\View\View.Vendedor.pas">
            <Form>ViewVendedor</Form>
        </DCCReference>
        <DCCReference Include="..\Sys\View\View.PlanoConta.pas">
            <Form>ViewPlanoConta</Form>
        </DCCReference>
        <DCCReference Include="..\Sys\View\View.TipoDespesa.pas">
            <Form>ViewTipoDespesa</Form>
        </DCCReference>
        <DCCReference Include="..\Sys\View\View.TipoReceita.pas">
            <Form>ViewTipoReceita</Form>
        </DCCReference>
        <DCCReference Include="..\System_SGE\View\View.Promocao.pas">
            <Form>ViewPromocao</Form>
        </DCCReference>
        <DCCReference Include="..\Sys\View\View.ConfiguracaoEmpresa.pas">
            <Form>ViewConfiguracaoEmpresa</Form>
        </DCCReference>
        <DCCReference Include="..\Sys\UGeTabelaCNAE.pas">
            <Form>frmGeTabelaCNAE</Form>
        </DCCReference>
        <DCCReference Include="..\Sys\View\View.Entrada.pas">
            <Form>ViewEntrada</Form>
        </DCCReference>
        <DCCReference Include="..\Sys\View\View.Entrada.Cancelar.pas">
            <Form>ViewEntradaEstoqueCancelar</Form>
        </DCCReference>
        <DCCReference Include="..\Sys\View\View.Entrada.ConfirmarDuplicatas.pas">
            <Form>ViewEntradaConfirmarDuplicatas</Form>
        </DCCReference>
        <DCCReference Include="..\Sys\View\View.Entrada.ConfirmarLote.pas">
            <Form>ViewEntradaEstoqueLote</Form>
        </DCCReference>
        <DCCReference Include="..\Sys\View\View.Entrada.DevolucaoNF.pas">
            <Form>ViewEntradaDevolucaoNF</Form>
        </DCCReference>
        <DCCReference Include="..\Sys\View\View.Entrada.GerarNFE.pas">
            <Form>ViewEntradaEstoqueGerarNFE</Form>
        </DCCReference>
        <DCCReference Include="..\Sys\View\View.NFE.ConsultarLote.pas">
            <Form>ViewNFEConsultarLote</Form>
        </DCCReference>
        <DCCReference Include="..\Sys\View\View.NFE.Distribuicao.pas">
            <Form>ViewNFEDistribuicao</Form>
        </DCCReference>
        <DCCReference Include="..\Sys\View\View.NFE.Importar.pas">
            <Form>ViewNFEImportar</Form>
        </DCCReference>
        <DCCReference Include="..\Sys\View\View.NFE.Pesquisa.pas">
            <Form>ViewNFEPesquisa</Form>
        </DCCReference>
        <DCCReference Include="..\Sys\View\View.CampoRequisitado.pas">
            <Form>ViewCampoRequisitado</Form>
        </DCCReference>
        <DCCReference Include="..\Sys\View\View.Cheque.pas">
            <Form>ViewCheque</Form>
        </DCCReference>
        <DCCReference Include="..\Sys\View\View.MemoData.pas">
            <Form>ViewMemoData</Form>
            <FormType>dfm</FormType>
        </DCCReference>
        <DCCReference Include="..\Sys\View\Query\View.Query.ContaAPagar.pas">
            <Form>ViewQueryContaAPagar</Form>
            <FormType>dfm</FormType>
        </DCCReference>
        <DCCReference Include="..\Sys\View\Query\View.Query.FornecedorCliente.pas">
            <Form>ViewQueryFornecedorCliente</Form>
            <FormType>dfm</FormType>
        </DCCReference>
        <DCCReference Include="..\Sys\View\View.ContaAPagar.LoteParcela.pas">
            <Form>ViewContaAPagarLoteParcela</Form>
            <FormType>dfm</FormType>
        </DCCReference>
        <DCCReference Include="..\Sys\View\View.ContaAPagar.Pagamento.pas">
            <Form>ViewContaAPagarPagamento</Form>
            <FormType>dfm</FormType>
        </DCCReference>
        <DCCReference Include="..\Sys\View\View.ContaAPagar.pas">
            <Form>ViewContaAPagar</Form>
            <FormType>dfm</FormType>
        </DCCReference>
        <DCCReference Include="..\Sys\View\View.PadraoPesquisa.pas">
            <Form>ViewPadraoPesquisa</Form>
            <FormType>dfm</FormType>
        </DCCReference>
        <DCCReference Include="..\Sys\Controller\Impressao\SGE.Controller.Impressao.AutorizacaoCompra.pas"/>
        <DCCReference Include="..\Sys\Controller\Impressao\DataModule\SGE.Controller.Impressao.DataModule.AutorizacaoCompra.pas">
            <Form>DataModuleAutorizacaoCompra</Form>
            <FormType>dfm</FormType>
            <DesignClass>TDataModule</DesignClass>
        </DCCReference>
        <DCCReference Include="Model\DAO\SGI.Model.DAO.RequisicaoAlmoxarifado.pas"/>
        <DCCReference Include="Controller\SGI.Controller.RequisicaoAlmoxarifado.pas"/>
        <DCCReference Include="Model\DAO\SGI.Model.DAO.ProdutoAlmoxarifado.pas"/>
        <DCCReference Include="Controller\SGI.Controller.ProdutoAlmoxarifado.pas"/>
        <DCCReference Include="UGeApropriacaoEstoquePesquisa.pas">
            <Form>frmGeApropriacaoEstoquePesquisa</Form>
            <FormType>dfm</FormType>
        </DCCReference>
        <DCCReference Include="Model\DAO\Query\SGI.Model.DAO.Query.ApropriacaoEstoque.pas"/>
        <DCCReference Include="Controller\Query\SGI.Controller.Query.ApropriacaoEstoque.pas"/>
        <DCCReference Include="..\GerarLicenca\Controller\Controller.Interfaces.pas"/>
        <DCCReference Include="..\GerarLicenca\Model\Model.Endereco.pas"/>
        <DCCReference Include="..\GerarLicenca\Model\Model.Licenca.pas"/>
        <DCCReference Include="..\GerarLicenca\Controller\Controller.ClienteApp.pas"/>
        <DCCReference Include="..\GerarLicenca\Controller\Controller.FactoryApp.pas"/>
        <DCCReference Include="..\GerarLicenca\Controller\Controller.UsuarioApp.pas"/>
        <DCCReference Include="..\GerarLicenca\Model\Model.Usuario.pas"/>
        <DCCReference Include="..\GerarLicenca\Model\Model.Cliente.pas"/>
        <DCCReference Include="..\Sys\Model\DAO\SGE.Model.DAO.ContaAPagar.pas"/>
        <DCCReference Include="..\Sys\Model\DAO\SGE.Model.DAO.ContaAReceber.pas"/>
        <DCCReference Include="..\Sys\Controller\SGE.Controller.ContaAPagar.pas"/>
        <DCCReference Include="..\Sys\Controller\SGE.Controller.ContaAReceber.pas"/>
        <DCCReference Include="..\Sys\Model\DAO\Query\SGE.Model.DAO.Query.ContaAPagar.pas"/>
        <DCCReference Include="..\Sys\Model\DAO\Query\SGE.Model.DAO.Query.ContaAReceber.pas"/>
        <DCCReference Include="..\Sys\Controller\Query\SGE.Controller.Query.ContaAPagar.pas"/>
        <DCCReference Include="..\Sys\Controller\Query\SGE.Controller.Query.ContaAReceber.pas"/>
        <DCCReference Include="..\Sys\Controller\Impressao\DataModule\SGE.Controller.Impressao.DataModule.ContaAReceber.pas">
            <Form>DataModuleContaAReceber</Form>
            <FormType>dfm</FormType>
            <DesignClass>TDataModule</DesignClass>
        </DCCReference>
        <DCCReference Include="..\Sys\Controller\Impressao\SGE.Controller.Impressao.ContaAReceber.pas"/>
        <DCCReference Include="..\Sys\Model\DAO\SGE.Model.DAO.Usuario.pas"/>
        <DCCReference Include="..\Sys\Controller\SGE.Controller.Usuario.pas"/>
        <DCCReference Include="..\Sys\Model\DAO\SGE.Model.DAO.Perfil.pas"/>
        <DCCReference Include="..\Sys\Controller\SGE.Controller.Perfil.pas"/>
        <DCCReference Include="Controller\Impressao\DataModule\SGE.Controller.Impressao.DataModule.RequisicaoAlmox.pas">
            <Form>DataModuleRequisicaoAlmox</Form>
            <FormType>dfm</FormType>
            <DesignClass>TDataModule</DesignClass>
        </DCCReference>
        <DCCReference Include="Controller\Impressao\SGE.Controller.Impressao.RequisicaoAlmox.pas"/>
        <DCCReference Include="..\Sys\Model\DAO\SGE.Model.DAO.Contrato.pas"/>
        <DCCReference Include="..\Sys\Controller\SGE.Controller.Contrato.pas"/>
        <DCCReference Include="..\Sys\View\View.ContaAReceber.pas">
            <Form>ViewContaAReceber</Form>
        </DCCReference>
        <DCCReference Include="..\Sys\View\View.ContaAReceber.LoteParcela.pas">
            <Form>ViewContaAReceberLoteParcela</Form>
        </DCCReference>
        <DCCReference Include="..\Sys\View\View.ContaAReceber.Pagamento.pas">
            <Form>ViewContaAReceberPagamento</Form>
        </DCCReference>
        <DCCReference Include="..\Sys\View\View.Usuario.pas">
            <Form>ViewUsuario</Form>
        </DCCReference>
        <DCCReference Include="View\View.RequisicaoAlmox.pas">
            <Form>ViewRequisicaoAlmox</Form>
        </DCCReference>
        <DCCReference Include="View\View.RequisicaoAlmox.Cancelar.pas">
            <Form>ViewRequisicaoAlmoxCancelar</Form>
        </DCCReference>
        <DCCReference Include="View\View.RequisicaoAlmox.OrdemSaida.pas">
            <Form>ViewRequisicaoAlmoxOrdemSaida</Form>
            <FormType>dfm</FormType>
        </DCCReference>
        <None Include="SGI.todo"/>
        <BuildConfiguration Include="Debug">
            <Key>Cfg_2</Key>
            <CfgParent>Base</CfgParent>
        </BuildConfiguration>
        <BuildConfiguration Include="Base">
            <Key>Base</Key>
        </BuildConfiguration>
        <BuildConfiguration Include="Release">
            <Key>Cfg_1</Key>
            <CfgParent>Base</CfgParent>
        </BuildConfiguration>
    </ItemGroup>
    <ProjectExtensions>
        <Borland.Personality>Delphi.Personality.12</Borland.Personality>
        <Borland.ProjectType/>
        <BorlandProject>
            <Delphi.Personality>
                <Source>
                    <Source Name="MainSource">SGI.dpr</Source>
                </Source>
                <Excluded_Packages>
                    <Excluded_Packages Name="$(BDSBIN)\dcloffice2k260.bpl">Microsoft Office 2000 Sample Automation Server Wrapper Components</Excluded_Packages>
                    <Excluded_Packages Name="$(BDSBIN)\dclofficexp260.bpl">Microsoft Office XP Sample Automation Server Wrapper Components</Excluded_Packages>
                </Excluded_Packages>
            </Delphi.Personality>
            <Platforms>
                <Platform value="Win32">True</Platform>
                <Platform value="Win64">False</Platform>
            </Platforms>
            <Deployment Version="3">
                <DeployFile LocalName="..\Bin\SGI.exe" Configuration="Debug" Class="ProjectOutput"/>
                <DeployFile LocalName="..\Bin\SGI.exe" Configuration="Debug" Class="ProjectOutput">
                    <Platform Name="Win32">
                        <RemoteName>SGI.exe</RemoteName>
                        <Overwrite>true</Overwrite>
                    </Platform>
                </DeployFile>
                <DeployFile LocalName="..\_diversos\Imagens\_Matriz\icon_gestao_industrial-v2-44x44.png" Configuration="Debug" Class="UWP_DelphiLogo44">
                    <Platform Name="Win32">
                        <RemoteDir>Assets\</RemoteDir>
                        <RemoteName>Logo44x44.png</RemoteName>
                        <Overwrite>true</Overwrite>
                    </Platform>
                </DeployFile>
                <DeployFile LocalName="SGI.todo" Configuration="Debug" Class="ProjectFile">
                    <Platform Name="Win32">
                        <RemoteDir>.\</RemoteDir>
                        <Overwrite>true</Overwrite>
                    </Platform>
                </DeployFile>
                <DeployFile LocalName="SGI.todo" Configuration="Release" Class="ProjectFile"/>
                <DeployFile LocalName="..\Bin\SGI.exe" Configuration="Release" Class="ProjectOutput"/>
                <DeployFile LocalName="..\_diversos\Imagens\_Matriz\icon_gestao_industrial-v2-150x150.png" Configuration="Debug" Class="UWP_DelphiLogo150">
                    <Platform Name="Win32">
                        <RemoteDir>Assets\</RemoteDir>
                        <RemoteName>Logo150x150.png</RemoteName>
                        <Overwrite>true</Overwrite>
                    </Platform>
                </DeployFile>
                <DeployFile LocalName="SGI.todo" Configuration="Debug" Class="ProjectFile"/>
                <DeployClass Name="AdditionalDebugSymbols">
                    <Platform Name="iOSSimulator">
                        <Operation>1</Operation>
                    </Platform>
                    <Platform Name="OSX32">
                        <RemoteDir>Contents\MacOS</RemoteDir>
                        <Operation>1</Operation>
                    </Platform>
                    <Platform Name="Win32">
                        <Operation>0</Operation>
                    </Platform>
                </DeployClass>
                <DeployClass Name="AndroidClassesDexFile">
                    <Platform Name="Android">
                        <RemoteDir>classes</RemoteDir>
                        <Operation>1</Operation>
                    </Platform>
                    <Platform Name="Android64">
                        <RemoteDir>classes</RemoteDir>
                        <Operation>1</Operation>
                    </Platform>
                </DeployClass>
                <DeployClass Name="AndroidFileProvider">
                    <Platform Name="Android">
                        <RemoteDir>res\xml</RemoteDir>
                        <Operation>1</Operation>
                    </Platform>
                    <Platform Name="Android64">
                        <RemoteDir>res\xml</RemoteDir>
                        <Operation>1</Operation>
                    </Platform>
                </DeployClass>
                <DeployClass Name="AndroidGDBServer">
                    <Platform Name="Android">
                        <RemoteDir>library\lib\armeabi-v7a</RemoteDir>
                        <Operation>1</Operation>
                    </Platform>
                </DeployClass>
                <DeployClass Name="AndroidLibnativeArmeabiFile">
                    <Platform Name="Android">
                        <RemoteDir>library\lib\armeabi</RemoteDir>
                        <Operation>1</Operation>
                    </Platform>
                    <Platform Name="Android64">
                        <RemoteDir>library\lib\armeabi</RemoteDir>
                        <Operation>1</Operation>
                    </Platform>
                </DeployClass>
                <DeployClass Name="AndroidLibnativeArmeabiv7aFile">
                    <Platform Name="Android64">
                        <RemoteDir>library\lib\armeabi-v7a</RemoteDir>
                        <Operation>1</Operation>
                    </Platform>
                </DeployClass>
                <DeployClass Name="AndroidLibnativeMipsFile">
                    <Platform Name="Android">
                        <RemoteDir>library\lib\mips</RemoteDir>
                        <Operation>1</Operation>
                    </Platform>
                    <Platform Name="Android64">
                        <RemoteDir>library\lib\mips</RemoteDir>
                        <Operation>1</Operation>
                    </Platform>
                </DeployClass>
                <DeployClass Name="AndroidServiceOutput">
                    <Platform Name="Android">
                        <RemoteDir>library\lib\armeabi-v7a</RemoteDir>
                        <Operation>1</Operation>
                    </Platform>
                    <Platform Name="Android64">
                        <RemoteDir>library\lib\arm64-v8a</RemoteDir>
                        <Operation>1</Operation>
                    </Platform>
                </DeployClass>
                <DeployClass Name="AndroidServiceOutput_Android32">
                    <Platform Name="Android64">
                        <RemoteDir>library\lib\armeabi-v7a</RemoteDir>
                        <Operation>1</Operation>
                    </Platform>
                </DeployClass>
                <DeployClass Name="AndroidSplashImageDef">
                    <Platform Name="Android">
                        <RemoteDir>res\drawable</RemoteDir>
                        <Operation>1</Operation>
                    </Platform>
                    <Platform Name="Android64">
                        <RemoteDir>res\drawable</RemoteDir>
                        <Operation>1</Operation>
                    </Platform>
                </DeployClass>
                <DeployClass Name="AndroidSplashStyles">
                    <Platform Name="Android">
                        <RemoteDir>res\values</RemoteDir>
                        <Operation>1</Operation>
                    </Platform>
                    <Platform Name="Android64">
                        <RemoteDir>res\values</RemoteDir>
                        <Operation>1</Operation>
                    </Platform>
                </DeployClass>
                <DeployClass Name="AndroidSplashStylesV21">
                    <Platform Name="Android">
                        <RemoteDir>res\values-v21</RemoteDir>
                        <Operation>1</Operation>
                    </Platform>
                    <Platform Name="Android64">
                        <RemoteDir>res\values-v21</RemoteDir>
                        <Operation>1</Operation>
                    </Platform>
                </DeployClass>
                <DeployClass Name="Android_Colors">
                    <Platform Name="Android">
                        <RemoteDir>res\values</RemoteDir>
                        <Operation>1</Operation>
                    </Platform>
                    <Platform Name="Android64">
                        <RemoteDir>res\values</RemoteDir>
                        <Operation>1</Operation>
                    </Platform>
                </DeployClass>
                <DeployClass Name="Android_DefaultAppIcon">
                    <Platform Name="Android">
                        <RemoteDir>res\drawable</RemoteDir>
                        <Operation>1</Operation>
                    </Platform>
                    <Platform Name="Android64">
                        <RemoteDir>res\drawable</RemoteDir>
                        <Operation>1</Operation>
                    </Platform>
                </DeployClass>
                <DeployClass Name="Android_LauncherIcon144">
                    <Platform Name="Android">
                        <RemoteDir>res\drawable-xxhdpi</RemoteDir>
                        <Operation>1</Operation>
                    </Platform>
                    <Platform Name="Android64">
                        <RemoteDir>res\drawable-xxhdpi</RemoteDir>
                        <Operation>1</Operation>
                    </Platform>
                </DeployClass>
                <DeployClass Name="Android_LauncherIcon36">
                    <Platform Name="Android">
                        <RemoteDir>res\drawable-ldpi</RemoteDir>
                        <Operation>1</Operation>
                    </Platform>
                    <Platform Name="Android64">
                        <RemoteDir>res\drawable-ldpi</RemoteDir>
                        <Operation>1</Operation>
                    </Platform>
                </DeployClass>
                <DeployClass Name="Android_LauncherIcon48">
                    <Platform Name="Android">
                        <RemoteDir>res\drawable-mdpi</RemoteDir>
                        <Operation>1</Operation>
                    </Platform>
                    <Platform Name="Android64">
                        <RemoteDir>res\drawable-mdpi</RemoteDir>
                        <Operation>1</Operation>
                    </Platform>
                </DeployClass>
                <DeployClass Name="Android_LauncherIcon72">
                    <Platform Name="Android">
                        <RemoteDir>res\drawable-hdpi</RemoteDir>
                        <Operation>1</Operation>
                    </Platform>
                    <Platform Name="Android64">
                        <RemoteDir>res\drawable-hdpi</RemoteDir>
                        <Operation>1</Operation>
                    </Platform>
                </DeployClass>
                <DeployClass Name="Android_LauncherIcon96">
                    <Platform Name="Android">
                        <RemoteDir>res\drawable-xhdpi</RemoteDir>
                        <Operation>1</Operation>
                    </Platform>
                    <Platform Name="Android64">
                        <RemoteDir>res\drawable-xhdpi</RemoteDir>
                        <Operation>1</Operation>
                    </Platform>
                </DeployClass>
                <DeployClass Name="Android_NotificationIcon24">
                    <Platform Name="Android">
                        <RemoteDir>res\drawable-mdpi</RemoteDir>
                        <Operation>1</Operation>
                    </Platform>
                    <Platform Name="Android64">
                        <RemoteDir>res\drawable-mdpi</RemoteDir>
                        <Operation>1</Operation>
                    </Platform>
                </DeployClass>
                <DeployClass Name="Android_NotificationIcon36">
                    <Platform Name="Android">
                        <RemoteDir>res\drawable-hdpi</RemoteDir>
                        <Operation>1</Operation>
                    </Platform>
                    <Platform Name="Android64">
                        <RemoteDir>res\drawable-hdpi</RemoteDir>
                        <Operation>1</Operation>
                    </Platform>
                </DeployClass>
                <DeployClass Name="Android_NotificationIcon48">
                    <Platform Name="Android">
                        <RemoteDir>res\drawable-xhdpi</RemoteDir>
                        <Operation>1</Operation>
                    </Platform>
                    <Platform Name="Android64">
                        <RemoteDir>res\drawable-xhdpi</RemoteDir>
                        <Operation>1</Operation>
                    </Platform>
                </DeployClass>
                <DeployClass Name="Android_NotificationIcon72">
                    <Platform Name="Android">
                        <RemoteDir>res\drawable-xxhdpi</RemoteDir>
                        <Operation>1</Operation>
                    </Platform>
                    <Platform Name="Android64">
                        <RemoteDir>res\drawable-xxhdpi</RemoteDir>
                        <Operation>1</Operation>
                    </Platform>
                </DeployClass>
                <DeployClass Name="Android_NotificationIcon96">
                    <Platform Name="Android">
                        <RemoteDir>res\drawable-xxxhdpi</RemoteDir>
                        <Operation>1</Operation>
                    </Platform>
                    <Platform Name="Android64">
                        <RemoteDir>res\drawable-xxxhdpi</RemoteDir>
                        <Operation>1</Operation>
                    </Platform>
                </DeployClass>
                <DeployClass Name="Android_SplashImage426">
                    <Platform Name="Android">
                        <RemoteDir>res\drawable-small</RemoteDir>
                        <Operation>1</Operation>
                    </Platform>
                    <Platform Name="Android64">
                        <RemoteDir>res\drawable-small</RemoteDir>
                        <Operation>1</Operation>
                    </Platform>
                </DeployClass>
                <DeployClass Name="Android_SplashImage470">
                    <Platform Name="Android">
                        <RemoteDir>res\drawable-normal</RemoteDir>
                        <Operation>1</Operation>
                    </Platform>
                    <Platform Name="Android64">
                        <RemoteDir>res\drawable-normal</RemoteDir>
                        <Operation>1</Operation>
                    </Platform>
                </DeployClass>
                <DeployClass Name="Android_SplashImage640">
                    <Platform Name="Android">
                        <RemoteDir>res\drawable-large</RemoteDir>
                        <Operation>1</Operation>
                    </Platform>
                    <Platform Name="Android64">
                        <RemoteDir>res\drawable-large</RemoteDir>
                        <Operation>1</Operation>
                    </Platform>
                </DeployClass>
                <DeployClass Name="Android_SplashImage960">
                    <Platform Name="Android">
                        <RemoteDir>res\drawable-xlarge</RemoteDir>
                        <Operation>1</Operation>
                    </Platform>
                    <Platform Name="Android64">
                        <RemoteDir>res\drawable-xlarge</RemoteDir>
                        <Operation>1</Operation>
                    </Platform>
                </DeployClass>
                <DeployClass Name="Android_Strings">
                    <Platform Name="Android">
                        <RemoteDir>res\values</RemoteDir>
                        <Operation>1</Operation>
                    </Platform>
                    <Platform Name="Android64">
                        <RemoteDir>res\values</RemoteDir>
                        <Operation>1</Operation>
                    </Platform>
                </DeployClass>
                <DeployClass Name="DebugSymbols">
                    <Platform Name="iOSSimulator">
                        <Operation>1</Operation>
                    </Platform>
                    <Platform Name="OSX32">
                        <RemoteDir>Contents\MacOS</RemoteDir>
                        <Operation>1</Operation>
                    </Platform>
                    <Platform Name="Win32">
                        <Operation>0</Operation>
                    </Platform>
                </DeployClass>
                <DeployClass Name="DependencyFramework">
                    <Platform Name="OSX32">
                        <RemoteDir>Contents\MacOS</RemoteDir>
                        <Operation>1</Operation>
                        <Extensions>.framework</Extensions>
                    </Platform>
                    <Platform Name="OSX64">
                        <RemoteDir>Contents\MacOS</RemoteDir>
                        <Operation>1</Operation>
                        <Extensions>.framework</Extensions>
                    </Platform>
                    <Platform Name="Win32">
                        <Operation>0</Operation>
                    </Platform>
                </DeployClass>
                <DeployClass Name="DependencyModule">
                    <Platform Name="iOSDevice32">
                        <Operation>1</Operation>
                        <Extensions>.dylib</Extensions>
                    </Platform>
                    <Platform Name="iOSDevice64">
                        <Operation>1</Operation>
                        <Extensions>.dylib</Extensions>
                    </Platform>
                    <Platform Name="iOSSimulator">
                        <Operation>1</Operation>
                        <Extensions>.dylib</Extensions>
                    </Platform>
                    <Platform Name="OSX32">
                        <RemoteDir>Contents\MacOS</RemoteDir>
                        <Operation>1</Operation>
                        <Extensions>.dylib</Extensions>
                    </Platform>
                    <Platform Name="OSX64">
                        <RemoteDir>Contents\MacOS</RemoteDir>
                        <Operation>1</Operation>
                        <Extensions>.dylib</Extensions>
                    </Platform>
                    <Platform Name="Win32">
                        <Operation>0</Operation>
                        <Extensions>.dll;.bpl</Extensions>
                    </Platform>
                </DeployClass>
                <DeployClass Required="true" Name="DependencyPackage">
                    <Platform Name="iOSDevice32">
                        <Operation>1</Operation>
                        <Extensions>.dylib</Extensions>
                    </Platform>
                    <Platform Name="iOSDevice64">
                        <Operation>1</Operation>
                        <Extensions>.dylib</Extensions>
                    </Platform>
                    <Platform Name="iOSSimulator">
                        <Operation>1</Operation>
                        <Extensions>.dylib</Extensions>
                    </Platform>
                    <Platform Name="OSX32">
                        <RemoteDir>Contents\MacOS</RemoteDir>
                        <Operation>1</Operation>
                        <Extensions>.dylib</Extensions>
                    </Platform>
                    <Platform Name="OSX64">
                        <RemoteDir>Contents\MacOS</RemoteDir>
                        <Operation>1</Operation>
                        <Extensions>.dylib</Extensions>
                    </Platform>
                    <Platform Name="Win32">
                        <Operation>0</Operation>
                        <Extensions>.bpl</Extensions>
                    </Platform>
                </DeployClass>
                <DeployClass Name="File">
                    <Platform Name="Android">
                        <Operation>0</Operation>
                    </Platform>
                    <Platform Name="Android64">
                        <Operation>0</Operation>
                    </Platform>
                    <Platform Name="iOSDevice32">
                        <Operation>0</Operation>
                    </Platform>
                    <Platform Name="iOSDevice64">
                        <Operation>0</Operation>
                    </Platform>
                    <Platform Name="iOSSimulator">
                        <Operation>0</Operation>
                    </Platform>
                    <Platform Name="OSX32">
                        <RemoteDir>Contents\Resources\StartUp\</RemoteDir>
                        <Operation>0</Operation>
                    </Platform>
                    <Platform Name="OSX64">
                        <RemoteDir>Contents\Resources\StartUp\</RemoteDir>
                        <Operation>0</Operation>
                    </Platform>
                    <Platform Name="Win32">
                        <Operation>0</Operation>
                    </Platform>
                </DeployClass>
                <DeployClass Name="iPad_Launch1024">
                    <Platform Name="iOSDevice32">
                        <Operation>1</Operation>
                    </Platform>
                    <Platform Name="iOSDevice64">
                        <Operation>1</Operation>
                    </Platform>
                    <Platform Name="iOSSimulator">
                        <Operation>1</Operation>
                    </Platform>
                </DeployClass>
                <DeployClass Name="iPad_Launch1024x768">
                    <Platform Name="iOSDevice32">
                        <Operation>1</Operation>
                    </Platform>
                    <Platform Name="iOSDevice64">
                        <Operation>1</Operation>
                    </Platform>
                    <Platform Name="iOSSimulator">
                        <Operation>1</Operation>
                    </Platform>
                </DeployClass>
                <DeployClass Name="iPad_Launch1536">
                    <Platform Name="iOSDevice32">
                        <Operation>1</Operation>
                    </Platform>
                    <Platform Name="iOSDevice64">
                        <Operation>1</Operation>
                    </Platform>
                    <Platform Name="iOSSimulator">
                        <Operation>1</Operation>
                    </Platform>
                </DeployClass>
                <DeployClass Name="iPad_Launch1536x2048">
                    <Platform Name="iOSDevice32">
                        <Operation>1</Operation>
                    </Platform>
                    <Platform Name="iOSDevice64">
                        <Operation>1</Operation>
                    </Platform>
                    <Platform Name="iOSSimulator">
                        <Operation>1</Operation>
                    </Platform>
                </DeployClass>
                <DeployClass Name="iPad_Launch1668">
                    <Platform Name="iOSDevice32">
                        <Operation>1</Operation>
                    </Platform>
                    <Platform Name="iOSDevice64">
                        <Operation>1</Operation>
                    </Platform>
                    <Platform Name="iOSSimulator">
                        <Operation>1</Operation>
                    </Platform>
                </DeployClass>
                <DeployClass Name="iPad_Launch1668x2388">
                    <Platform Name="iOSDevice32">
                        <Operation>1</Operation>
                    </Platform>
                    <Platform Name="iOSDevice64">
                        <Operation>1</Operation>
                    </Platform>
                    <Platform Name="iOSSimulator">
                        <Operation>1</Operation>
                    </Platform>
                </DeployClass>
                <DeployClass Name="iPad_Launch2048">
                    <Platform Name="iOSDevice32">
                        <Operation>1</Operation>
                    </Platform>
                    <Platform Name="iOSDevice64">
                        <Operation>1</Operation>
                    </Platform>
                    <Platform Name="iOSSimulator">
                        <Operation>1</Operation>
                    </Platform>
                </DeployClass>
                <DeployClass Name="iPad_Launch2048x1536">
                    <Platform Name="iOSDevice32">
                        <Operation>1</Operation>
                    </Platform>
                    <Platform Name="iOSDevice64">
                        <Operation>1</Operation>
                    </Platform>
                    <Platform Name="iOSSimulator">
                        <Operation>1</Operation>
                    </Platform>
                </DeployClass>
                <DeployClass Name="iPad_Launch2048x2732">
                    <Platform Name="iOSDevice32">
                        <Operation>1</Operation>
                    </Platform>
                    <Platform Name="iOSDevice64">
                        <Operation>1</Operation>
                    </Platform>
                    <Platform Name="iOSSimulator">
                        <Operation>1</Operation>
                    </Platform>
                </DeployClass>
                <DeployClass Name="iPad_Launch2224">
                    <Platform Name="iOSDevice32">
                        <Operation>1</Operation>
                    </Platform>
                    <Platform Name="iOSDevice64">
                        <Operation>1</Operation>
                    </Platform>
                    <Platform Name="iOSSimulator">
                        <Operation>1</Operation>
                    </Platform>
                </DeployClass>
                <DeployClass Name="iPad_Launch2388x1668">
                    <Platform Name="iOSDevice32">
                        <Operation>1</Operation>
                    </Platform>
                    <Platform Name="iOSDevice64">
                        <Operation>1</Operation>
                    </Platform>
                    <Platform Name="iOSSimulator">
                        <Operation>1</Operation>
                    </Platform>
                </DeployClass>
                <DeployClass Name="iPad_Launch2732x2048">
                    <Platform Name="iOSDevice32">
                        <Operation>1</Operation>
                    </Platform>
                    <Platform Name="iOSDevice64">
                        <Operation>1</Operation>
                    </Platform>
                    <Platform Name="iOSSimulator">
                        <Operation>1</Operation>
                    </Platform>
                </DeployClass>
                <DeployClass Name="iPad_Launch768">
                    <Platform Name="iOSDevice32">
                        <Operation>1</Operation>
                    </Platform>
                    <Platform Name="iOSDevice64">
                        <Operation>1</Operation>
                    </Platform>
                    <Platform Name="iOSSimulator">
                        <Operation>1</Operation>
                    </Platform>
                </DeployClass>
                <DeployClass Name="iPad_Launch768x1024">
                    <Platform Name="iOSDevice32">
                        <Operation>1</Operation>
                    </Platform>
                    <Platform Name="iOSDevice64">
                        <Operation>1</Operation>
                    </Platform>
                    <Platform Name="iOSSimulator">
                        <Operation>1</Operation>
                    </Platform>
                </DeployClass>
                <DeployClass Name="iPhone_Launch1125">
                    <Platform Name="iOSDevice32">
                        <Operation>1</Operation>
                    </Platform>
                    <Platform Name="iOSDevice64">
                        <Operation>1</Operation>
                    </Platform>
                    <Platform Name="iOSSimulator">
                        <Operation>1</Operation>
                    </Platform>
                </DeployClass>
                <DeployClass Name="iPhone_Launch1136x640">
                    <Platform Name="iOSDevice32">
                        <Operation>1</Operation>
                    </Platform>
                    <Platform Name="iOSDevice64">
                        <Operation>1</Operation>
                    </Platform>
                    <Platform Name="iOSSimulator">
                        <Operation>1</Operation>
                    </Platform>
                </DeployClass>
                <DeployClass Name="iPhone_Launch1242">
                    <Platform Name="iOSDevice32">
                        <Operation>1</Operation>
                    </Platform>
                    <Platform Name="iOSDevice64">
                        <Operation>1</Operation>
                    </Platform>
                    <Platform Name="iOSSimulator">
                        <Operation>1</Operation>
                    </Platform>
                </DeployClass>
                <DeployClass Name="iPhone_Launch1242x2688">
                    <Platform Name="iOSDevice32">
                        <Operation>1</Operation>
                    </Platform>
                    <Platform Name="iOSDevice64">
                        <Operation>1</Operation>
                    </Platform>
                    <Platform Name="iOSSimulator">
                        <Operation>1</Operation>
                    </Platform>
                </DeployClass>
                <DeployClass Name="iPhone_Launch1334">
                    <Platform Name="iOSDevice32">
                        <Operation>1</Operation>
                    </Platform>
                    <Platform Name="iOSDevice64">
                        <Operation>1</Operation>
                    </Platform>
                    <Platform Name="iOSSimulator">
                        <Operation>1</Operation>
                    </Platform>
                </DeployClass>
                <DeployClass Name="iPhone_Launch1792">
                    <Platform Name="iOSDevice32">
                        <Operation>1</Operation>
                    </Platform>
                    <Platform Name="iOSDevice64">
                        <Operation>1</Operation>
                    </Platform>
                    <Platform Name="iOSSimulator">
                        <Operation>1</Operation>
                    </Platform>
                </DeployClass>
                <DeployClass Name="iPhone_Launch2208">
                    <Platform Name="iOSDevice32">
                        <Operation>1</Operation>
                    </Platform>
                    <Platform Name="iOSDevice64">
                        <Operation>1</Operation>
                    </Platform>
                    <Platform Name="iOSSimulator">
                        <Operation>1</Operation>
                    </Platform>
                </DeployClass>
                <DeployClass Name="iPhone_Launch2436">
                    <Platform Name="iOSDevice32">
                        <Operation>1</Operation>
                    </Platform>
                    <Platform Name="iOSDevice64">
                        <Operation>1</Operation>
                    </Platform>
                    <Platform Name="iOSSimulator">
                        <Operation>1</Operation>
                    </Platform>
                </DeployClass>
                <DeployClass Name="iPhone_Launch2688x1242">
                    <Platform Name="iOSDevice32">
                        <Operation>1</Operation>
                    </Platform>
                    <Platform Name="iOSDevice64">
                        <Operation>1</Operation>
                    </Platform>
                    <Platform Name="iOSSimulator">
                        <Operation>1</Operation>
                    </Platform>
                </DeployClass>
                <DeployClass Name="iPhone_Launch320">
                    <Platform Name="iOSDevice32">
                        <Operation>1</Operation>
                    </Platform>
                    <Platform Name="iOSDevice64">
                        <Operation>1</Operation>
                    </Platform>
                    <Platform Name="iOSSimulator">
                        <Operation>1</Operation>
                    </Platform>
                </DeployClass>
                <DeployClass Name="iPhone_Launch640">
                    <Platform Name="iOSDevice32">
                        <Operation>1</Operation>
                    </Platform>
                    <Platform Name="iOSDevice64">
                        <Operation>1</Operation>
                    </Platform>
                    <Platform Name="iOSSimulator">
                        <Operation>1</Operation>
                    </Platform>
                </DeployClass>
                <DeployClass Name="iPhone_Launch640x1136">
                    <Platform Name="iOSDevice32">
                        <Operation>1</Operation>
                    </Platform>
                    <Platform Name="iOSDevice64">
                        <Operation>1</Operation>
                    </Platform>
                    <Platform Name="iOSSimulator">
                        <Operation>1</Operation>
                    </Platform>
                </DeployClass>
                <DeployClass Name="iPhone_Launch750">
                    <Platform Name="iOSDevice32">
                        <Operation>1</Operation>
                    </Platform>
                    <Platform Name="iOSDevice64">
                        <Operation>1</Operation>
                    </Platform>
                    <Platform Name="iOSSimulator">
                        <Operation>1</Operation>
                    </Platform>
                </DeployClass>
                <DeployClass Name="iPhone_Launch828">
                    <Platform Name="iOSDevice32">
                        <Operation>1</Operation>
                    </Platform>
                    <Platform Name="iOSDevice64">
                        <Operation>1</Operation>
                    </Platform>
                    <Platform Name="iOSSimulator">
                        <Operation>1</Operation>
                    </Platform>
                </DeployClass>
                <DeployClass Name="ProjectAndroidManifest">
                    <Platform Name="Android">
                        <Operation>1</Operation>
                    </Platform>
                    <Platform Name="Android64">
                        <Operation>1</Operation>
                    </Platform>
                </DeployClass>
                <DeployClass Name="ProjectiOSDeviceDebug">
                    <Platform Name="iOSDevice32">
                        <RemoteDir>..\$(PROJECTNAME).app.dSYM\Contents\Resources\DWARF</RemoteDir>
                        <Operation>1</Operation>
                    </Platform>
                    <Platform Name="iOSDevice64">
                        <RemoteDir>..\$(PROJECTNAME).app.dSYM\Contents\Resources\DWARF</RemoteDir>
                        <Operation>1</Operation>
                    </Platform>
                </DeployClass>
                <DeployClass Name="ProjectiOSDeviceResourceRules">
                    <Platform Name="iOSDevice32">
                        <Operation>1</Operation>
                    </Platform>
                    <Platform Name="iOSDevice64">
                        <Operation>1</Operation>
                    </Platform>
                </DeployClass>
                <DeployClass Name="ProjectiOSEntitlements">
                    <Platform Name="iOSDevice32">
                        <RemoteDir>..\</RemoteDir>
                        <Operation>1</Operation>
                    </Platform>
                    <Platform Name="iOSDevice64">
                        <RemoteDir>..\</RemoteDir>
                        <Operation>1</Operation>
                    </Platform>
                </DeployClass>
                <DeployClass Name="ProjectiOSInfoPList">
                    <Platform Name="iOSDevice32">
                        <Operation>1</Operation>
                    </Platform>
                    <Platform Name="iOSDevice64">
                        <Operation>1</Operation>
                    </Platform>
                    <Platform Name="iOSSimulator">
                        <Operation>1</Operation>
                    </Platform>
                </DeployClass>
                <DeployClass Name="ProjectiOSResource">
                    <Platform Name="iOSDevice32">
                        <Operation>1</Operation>
                    </Platform>
                    <Platform Name="iOSDevice64">
                        <Operation>1</Operation>
                    </Platform>
                    <Platform Name="iOSSimulator">
                        <Operation>1</Operation>
                    </Platform>
                </DeployClass>
                <DeployClass Name="ProjectOSXDebug">
                    <Platform Name="OSX64">
                        <RemoteDir>..\$(PROJECTNAME).app.dSYM\Contents\Resources\DWARF</RemoteDir>
                        <Operation>1</Operation>
                    </Platform>
                </DeployClass>
                <DeployClass Name="ProjectOSXEntitlements">
                    <Platform Name="OSX32">
                        <RemoteDir>..\</RemoteDir>
                        <Operation>1</Operation>
                    </Platform>
                    <Platform Name="OSX64">
                        <RemoteDir>..\</RemoteDir>
                        <Operation>1</Operation>
                    </Platform>
                </DeployClass>
                <DeployClass Name="ProjectOSXInfoPList">
                    <Platform Name="OSX32">
                        <RemoteDir>Contents</RemoteDir>
                        <Operation>1</Operation>
                    </Platform>
                    <Platform Name="OSX64">
                        <RemoteDir>Contents</RemoteDir>
                        <Operation>1</Operation>
                    </Platform>
                </DeployClass>
                <DeployClass Name="ProjectOSXResource">
                    <Platform Name="OSX32">
                        <RemoteDir>Contents\Resources</RemoteDir>
                        <Operation>1</Operation>
                    </Platform>
                    <Platform Name="OSX64">
                        <RemoteDir>Contents\Resources</RemoteDir>
                        <Operation>1</Operation>
                    </Platform>
                </DeployClass>
                <DeployClass Required="true" Name="ProjectOutput">
                    <Platform Name="Android">
                        <RemoteDir>library\lib\armeabi-v7a</RemoteDir>
                        <Operation>1</Operation>
                    </Platform>
                    <Platform Name="Android64">
                        <RemoteDir>library\lib\arm64-v8a</RemoteDir>
                        <Operation>1</Operation>
                    </Platform>
                    <Platform Name="iOSDevice32">
                        <Operation>1</Operation>
                    </Platform>
                    <Platform Name="iOSDevice64">
                        <Operation>1</Operation>
                    </Platform>
                    <Platform Name="iOSSimulator">
                        <Operation>1</Operation>
                    </Platform>
                    <Platform Name="Linux64">
                        <Operation>1</Operation>
                    </Platform>
                    <Platform Name="OSX32">
                        <RemoteDir>Contents\MacOS</RemoteDir>
                        <Operation>1</Operation>
                    </Platform>
                    <Platform Name="OSX64">
                        <RemoteDir>Contents\MacOS</RemoteDir>
                        <Operation>1</Operation>
                    </Platform>
                    <Platform Name="Win32">
                        <Operation>0</Operation>
                    </Platform>
                </DeployClass>
                <DeployClass Name="ProjectOutput_Android32">
                    <Platform Name="Android64">
                        <RemoteDir>library\lib\armeabi-v7a</RemoteDir>
                        <Operation>1</Operation>
                    </Platform>
                </DeployClass>
                <DeployClass Name="ProjectUWPManifest">
                    <Platform Name="Win32">
                        <Operation>1</Operation>
                    </Platform>
                    <Platform Name="Win64">
                        <Operation>1</Operation>
                    </Platform>
                </DeployClass>
                <DeployClass Name="UWP_DelphiLogo150">
                    <Platform Name="Win32">
                        <RemoteDir>Assets</RemoteDir>
                        <Operation>1</Operation>
                    </Platform>
                    <Platform Name="Win64">
                        <RemoteDir>Assets</RemoteDir>
                        <Operation>1</Operation>
                    </Platform>
                </DeployClass>
                <DeployClass Name="UWP_DelphiLogo44">
                    <Platform Name="Win32">
                        <RemoteDir>Assets</RemoteDir>
                        <Operation>1</Operation>
                    </Platform>
                    <Platform Name="Win64">
                        <RemoteDir>Assets</RemoteDir>
                        <Operation>1</Operation>
                    </Platform>
                </DeployClass>
                <ProjectRoot Platform="Win64" Name="$(PROJECTNAME)"/>
                <ProjectRoot Platform="iOSDevice64" Name="$(PROJECTNAME).app"/>
                <ProjectRoot Platform="iOSDevice32" Name="$(PROJECTNAME).app"/>
                <ProjectRoot Platform="Win32" Name="$(PROJECTNAME)"/>
                <ProjectRoot Platform="Linux64" Name="$(PROJECTNAME)"/>
                <ProjectRoot Platform="OSX32" Name="$(PROJECTNAME).app"/>
                <ProjectRoot Platform="Android" Name="$(PROJECTNAME)"/>
                <ProjectRoot Platform="OSX64" Name="$(PROJECTNAME).app"/>
                <ProjectRoot Platform="iOSSimulator" Name="$(PROJECTNAME).app"/>
                <ProjectRoot Platform="Android64" Name="$(PROJECTNAME)"/>
            </Deployment>
        </BorlandProject>
        <ProjectFileVersion>12</ProjectFileVersion>
    </ProjectExtensions>
    <Import Project="$(BDS)\Bin\CodeGear.Delphi.Targets" Condition="Exists('$(BDS)\Bin\CodeGear.Delphi.Targets')"/>
    <Import Project="$(APPDATA)\Embarcadero\$(BDSAPPDATABASEDIR)\$(PRODUCTVERSION)\UserTools.proj" Condition="Exists('$(APPDATA)\Embarcadero\$(BDSAPPDATABASEDIR)\$(PRODUCTVERSION)\UserTools.proj')"/>
    <Import Project="$(MSBuildProjectName).deployproj" Condition="Exists('$(MSBuildProjectName).deployproj')"/>
</Project>
